
Microsoft Visual Studio Solution File, Format Version 12.00
# Visual Studio Version 17
VisualStudioVersion = 17.1.32210.238
MinimumVisualStudioVersion = 10.0.40219.1
Project("{2150E333-8FDC-42A3-9474-1A3956D46DE8}") = "FrontEnd", "FrontEnd", "{7C1BDF25-1055-4261-90A2-10C2CCB6E662}"
EndProject
Project("{2150E333-8FDC-42A3-9474-1A3956D46DE8}") = "Services", "Services", "{15CB1848-5C43-4870-82FC-3826583FFDAD}"
EndProject
Project("{9A19103F-16F7-4668-BE54-9A1E7A4F7556}") = "Bwod.Web", "Bwod.Web\Bwod.Web.csproj", "{0EE02B1B-DE64-47F0-8B9C-09DCF15B44E7}"
EndProject
Project("{9A19103F-16F7-4668-BE54-9A1E7A4F7556}") = "Bwod.ProductAPI", "Bwod.ProductAPI\Bwod.ProductAPI.csproj", "{2ED47946-DB33-4FB9-AF4D-908C2D205BDE}"
EndProject
Project("{9A19103F-16F7-4668-BE54-9A1E7A4F7556}") = "Bwod.IdentityServer", "Bwod.IdentityServer\Bwod.IdentityServer.csproj", "{987F8CF4-B626-4645-ADB4-02F81214E0F7}"
EndProject
Project("{9A19103F-16F7-4668-BE54-9A1E7A4F7556}") = "Bwod.CartAPI", "Bwod.CartAPI\Bwod.CartAPI.csproj", "{54705B4D-ED62-49F2-A879-F09C09261914}"
EndProject
Project("{9A19103F-16F7-4668-BE54-9A1E7A4F7556}") = "Bwod.CouponAPI", "Bwod.CouponAPI\Bwod.CouponAPI.csproj", "{89C7591F-887B-4EE6-882A-FB265A564ADA}"
EndProject
Project("{2150E333-8FDC-42A3-9474-1A3956D46DE8}") = "Integration", "Integration", "{DBB88548-8C9A-4EF2-8EF4-DC7F62BF7DE7}"
EndProject
Project("{FAE04EC0-301F-11D3-BF4B-00C04F79EFBC}") = "Bwod.MessageBus", "Bwod.MessageBus\Bwod.MessageBus.csproj", "{C8351E21-A3FD-4F4B-B8BC-B155CB920468}"
EndProject
Project("{FAE04EC0-301F-11D3-BF4B-00C04F79EFBC}") = "Bwod.OrderAPI", "Bwod.OrderAPI\Bwod.OrderAPI.csproj", "{2491061A-FC7B-4D2A-8E94-0072703CB40A}"
EndProject
Project("{2150E333-8FDC-42A3-9474-1A3956D46DE8}") = "Payments", "Payments", "{4B40CC7F-5249-4F07-A85E-D489141514E4}"
EndProject
Project("{FAE04EC0-301F-11D3-BF4B-00C04F79EFBC}") = "Bwod.PaymentProcessor", "Bwod.PaymentProcessor\Bwod.PaymentProcessor.csproj", "{A56E8487-F331-4FBA-B24D-48AD0106DF05}"
EndProject
Project("{FAE04EC0-301F-11D3-BF4B-00C04F79EFBC}") = "Bwod.PaymentAPI", "Bwod.PaymentAPI\Bwod.PaymentAPI.csproj", "{A0FE8B70-4882-4CF7-8973-3E3248EFCDEF}"
EndProject
Project("{FAE04EC0-301F-11D3-BF4B-00C04F79EFBC}") = "Bwod.Email", "Bwod.Email\Bwod.Email.csproj", "{03DF54BA-0146-4E5F-9195-4AE026305A15}"
EndProject
Project("{2150E333-8FDC-42A3-9474-1A3956D46DE8}") = "Gateway", "Gateway", "{81E516C7-FC9C-4C48-9B36-71315E4CE523}"
EndProject
Project("{FAE04EC0-301F-11D3-BF4B-00C04F79EFBC}") = "Bwod.APIGateway", "Bwod.APIGateway\Bwod.APIGateway.csproj", "{74B66621-E31A-486E-8E83-4F96AE94EB83}"
EndProject
Global
	GlobalSection(SolutionConfigurationPlatforms) = preSolution
		Debug|Any CPU = Debug|Any CPU
		Release|Any CPU = Release|Any CPU
	EndGlobalSection
	GlobalSection(ProjectConfigurationPlatforms) = postSolution
		{0EE02B1B-DE64-47F0-8B9C-09DCF15B44E7}.Debug|Any CPU.ActiveCfg = Debug|Any CPU
		{0EE02B1B-DE64-47F0-8B9C-09DCF15B44E7}.Debug|Any CPU.Build.0 = Debug|Any CPU
		{0EE02B1B-DE64-47F0-8B9C-09DCF15B44E7}.Release|Any CPU.ActiveCfg = Release|Any CPU
		{0EE02B1B-DE64-47F0-8B9C-09DCF15B44E7}.Release|Any CPU.Build.0 = Release|Any CPU
		{2ED47946-DB33-4FB9-AF4D-908C2D205BDE}.Debug|Any CPU.ActiveCfg = Debug|Any CPU
		{2ED47946-DB33-4FB9-AF4D-908C2D205BDE}.Debug|Any CPU.Build.0 = Debug|Any CPU
		{2ED47946-DB33-4FB9-AF4D-908C2D205BDE}.Release|Any CPU.ActiveCfg = Release|Any CPU
		{2ED47946-DB33-4FB9-AF4D-908C2D205BDE}.Release|Any CPU.Build.0 = Release|Any CPU
		{987F8CF4-B626-4645-ADB4-02F81214E0F7}.Debug|Any CPU.ActiveCfg = Debug|Any CPU
		{987F8CF4-B626-4645-ADB4-02F81214E0F7}.Debug|Any CPU.Build.0 = Debug|Any CPU
		{987F8CF4-B626-4645-ADB4-02F81214E0F7}.Release|Any CPU.ActiveCfg = Release|Any CPU
		{987F8CF4-B626-4645-ADB4-02F81214E0F7}.Release|Any CPU.Build.0 = Release|Any CPU
		{54705B4D-ED62-49F2-A879-F09C09261914}.Debug|Any CPU.ActiveCfg = Debug|Any CPU
		{54705B4D-ED62-49F2-A879-F09C09261914}.Debug|Any CPU.Build.0 = Debug|Any CPU
		{54705B4D-ED62-49F2-A879-F09C09261914}.Release|Any CPU.ActiveCfg = Release|Any CPU
		{54705B4D-ED62-49F2-A879-F09C09261914}.Release|Any CPU.Build.0 = Release|Any CPU
		{89C7591F-887B-4EE6-882A-FB265A564ADA}.Debug|Any CPU.ActiveCfg = Debug|Any CPU
		{89C7591F-887B-4EE6-882A-FB265A564ADA}.Debug|Any CPU.Build.0 = Debug|Any CPU
		{89C7591F-887B-4EE6-882A-FB265A564ADA}.Release|Any CPU.ActiveCfg = Release|Any CPU
		{89C7591F-887B-4EE6-882A-FB265A564ADA}.Release|Any CPU.Build.0 = Release|Any CPU
		{C8351E21-A3FD-4F4B-B8BC-B155CB920468}.Debug|Any CPU.ActiveCfg = Debug|Any CPU
		{C8351E21-A3FD-4F4B-B8BC-B155CB920468}.Debug|Any CPU.Build.0 = Debug|Any CPU
		{C8351E21-A3FD-4F4B-B8BC-B155CB920468}.Release|Any CPU.ActiveCfg = Release|Any CPU
		{C8351E21-A3FD-4F4B-B8BC-B155CB920468}.Release|Any CPU.Build.0 = Release|Any CPU
		{2491061A-FC7B-4D2A-8E94-0072703CB40A}.Debug|Any CPU.ActiveCfg = Debug|Any CPU
		{2491061A-FC7B-4D2A-8E94-0072703CB40A}.Debug|Any CPU.Build.0 = Debug|Any CPU
		{2491061A-FC7B-4D2A-8E94-0072703CB40A}.Release|Any CPU.ActiveCfg = Release|Any CPU
		{2491061A-FC7B-4D2A-8E94-0072703CB40A}.Release|Any CPU.Build.0 = Release|Any CPU
		{A56E8487-F331-4FBA-B24D-48AD0106DF05}.Debug|Any CPU.ActiveCfg = Debug|Any CPU
		{A56E8487-F331-4FBA-B24D-48AD0106DF05}.Debug|Any CPU.Build.0 = Debug|Any CPU
		{A56E8487-F331-4FBA-B24D-48AD0106DF05}.Release|Any CPU.ActiveCfg = Release|Any CPU
		{A56E8487-F331-4FBA-B24D-48AD0106DF05}.Release|Any CPU.Build.0 = Release|Any CPU
		{A0FE8B70-4882-4CF7-8973-3E3248EFCDEF}.Debug|Any CPU.ActiveCfg = Debug|Any CPU
		{A0FE8B70-4882-4CF7-8973-3E3248EFCDEF}.Debug|Any CPU.Build.0 = Debug|Any CPU
		{A0FE8B70-4882-4CF7-8973-3E3248EFCDEF}.Release|Any CPU.ActiveCfg = Release|Any CPU
		{A0FE8B70-4882-4CF7-8973-3E3248EFCDEF}.Release|Any CPU.Build.0 = Release|Any CPU
		{03DF54BA-0146-4E5F-9195-4AE026305A15}.Debug|Any CPU.ActiveCfg = Debug|Any CPU
		{03DF54BA-0146-4E5F-9195-4AE026305A15}.Debug|Any CPU.Build.0 = Debug|Any CPU
		{03DF54BA-0146-4E5F-9195-4AE026305A15}.Release|Any CPU.ActiveCfg = Release|Any CPU
		{03DF54BA-0146-4E5F-9195-4AE026305A15}.Release|Any CPU.Build.0 = Release|Any CPU
		{74B66621-E31A-486E-8E83-4F96AE94EB83}.Debug|Any CPU.ActiveCfg = Debug|Any CPU
		{74B66621-E31A-486E-8E83-4F96AE94EB83}.Debug|Any CPU.Build.0 = Debug|Any CPU
		{74B66621-E31A-486E-8E83-4F96AE94EB83}.Release|Any CPU.ActiveCfg = Release|Any CPU
		{74B66621-E31A-486E-8E83-4F96AE94EB83}.Release|Any CPU.Build.0 = Release|Any CPU
	EndGlobalSection
	GlobalSection(SolutionProperties) = preSolution
		HideSolutionNode = FALSE
	EndGlobalSection
	GlobalSection(NestedProjects) = preSolution
		{0EE02B1B-DE64-47F0-8B9C-09DCF15B44E7} = {7C1BDF25-1055-4261-90A2-10C2CCB6E662}
		{2ED47946-DB33-4FB9-AF4D-908C2D205BDE} = {15CB1848-5C43-4870-82FC-3826583FFDAD}
		{987F8CF4-B626-4645-ADB4-02F81214E0F7} = {15CB1848-5C43-4870-82FC-3826583FFDAD}
		{54705B4D-ED62-49F2-A879-F09C09261914} = {15CB1848-5C43-4870-82FC-3826583FFDAD}
		{89C7591F-887B-4EE6-882A-FB265A564ADA} = {15CB1848-5C43-4870-82FC-3826583FFDAD}
		{C8351E21-A3FD-4F4B-B8BC-B155CB920468} = {DBB88548-8C9A-4EF2-8EF4-DC7F62BF7DE7}
		{2491061A-FC7B-4D2A-8E94-0072703CB40A} = {15CB1848-5C43-4870-82FC-3826583FFDAD}
		{A56E8487-F331-4FBA-B24D-48AD0106DF05} = {4B40CC7F-5249-4F07-A85E-D489141514E4}
		{A0FE8B70-4882-4CF7-8973-3E3248EFCDEF} = {15CB1848-5C43-4870-82FC-3826583FFDAD}
		{03DF54BA-0146-4E5F-9195-4AE026305A15} = {15CB1848-5C43-4870-82FC-3826583FFDAD}
		{74B66621-E31A-486E-8E83-4F96AE94EB83} = {81E516C7-FC9C-4C48-9B36-71315E4CE523}
	EndGlobalSection
	GlobalSection(ExtensibilityGlobals) = postSolution
		SolutionGuid = {28FBD642-C56D-4B97-80AA-09D4C2C8CF92}
	EndGlobalSection
EndGlobal
